
Microsoft Visual Studio Solution File, Format Version 12.00
# Visual Studio Version 17
VisualStudioVersion = 17.9.34723.18
MinimumVisualStudioVersion = 10.0.40219.1
Project("{8BC9CEB8-8B4A-11D0-8D11-00A0C91BC942}") = "IncomingInspection", "IncomingInspection.vcxproj", "{ADA0103B-809D-4F28-854C-B3BF3A48FFDA}"
EndProject
Project("{2150E333-8FDC-42A3-9474-1A3956D46DE8}") = "Задания", "Задания", "{CD4F00BD-5355-4387-81EC-134E8307CE15}"
	ProjectSection(SolutionItems) = preProject
		Files_task.txt = Files_task.txt
	EndProjectSection
EndProject
Global
	GlobalSection(SolutionConfigurationPlatforms) = preSolution
		Debug|x64 = Debug|x64
		Debug|x86 = Debug|x86
		Release|x64 = Release|x64
		Release|x86 = Release|x86
	EndGlobalSection
	GlobalSection(ProjectConfigurationPlatforms) = postSolution
		{ADA0103B-809D-4F28-854C-B3BF3A48FFDA}.Debug|x64.ActiveCfg = Debug|x64
		{ADA0103B-809D-4F28-854C-B3BF3A48FFDA}.Debug|x64.Build.0 = Debug|x64
		{ADA0103B-809D-4F28-854C-B3BF3A48FFDA}.Debug|x86.ActiveCfg = Debug|Win32
		{ADA0103B-809D-4F28-854C-B3BF3A48FFDA}.Debug|x86.Build.0 = Debug|Win32
		{ADA0103B-809D-4F28-854C-B3BF3A48FFDA}.Release|x64.ActiveCfg = Release|x64
		{ADA0103B-809D-4F28-854C-B3BF3A48FFDA}.Release|x64.Build.0 = Release|x64
		{ADA0103B-809D-4F28-854C-B3BF3A48FFDA}.Release|x86.ActiveCfg = Release|Win32
		{ADA0103B-809D-4F28-854C-B3BF3A48FFDA}.Release|x86.Build.0 = Release|Win32
	EndGlobalSection
	GlobalSection(SolutionProperties) = preSolution
		HideSolutionNode = FALSE
	EndGlobalSection
	GlobalSection(ExtensibilityGlobals) = postSolution
		SolutionGuid = {7CA6E154-DC7D-41E9-AE97-46795C57B5E5}
	EndGlobalSection
EndGlobal
